
Microsoft Visual Studio Solution File, Format Version 12.00
# Visual Studio Version 17
VisualStudioVersion = 17.4.33213.308
MinimumVisualStudioVersion = 10.0.40219.1
Project("{FAE04EC0-301F-11D3-BF4B-00C04F79EFBC}") = "DisposableBase", "DisposableBase\DisposableBase.csproj", "{97876732-4BC1-462B-84DB-B1C4E6B07117}"
EndProject
Global
	GlobalSection(SolutionConfigurationPlatforms) = preSolution
		Debug|Any CPU = Debug|Any CPU
		Release|Any CPU = Release|Any CPU
	EndGlobalSection
	GlobalSection(ProjectConfigurationPlatforms) = postSolution
		{97876732-4BC1-462B-84DB-B1C4E6B07117}.Debug|Any CPU.ActiveCfg = Debug|Any CPU
		{97876732-4BC1-462B-84DB-B1C4E6B07117}.Debug|Any CPU.Build.0 = Debug|Any CPU
		{97876732-4BC1-462B-84DB-B1C4E6B07117}.Release|Any CPU.ActiveCfg = Release|Any CPU
		{97876732-4BC1-462B-84DB-B1C4E6B07117}.Release|Any CPU.Build.0 = Release|Any CPU
	EndGlobalSection
	GlobalSection(SolutionProperties) = preSolution
		HideSolutionNode = FALSE
	EndGlobalSection
	GlobalSection(ExtensibilityGlobals) = postSolution
		SolutionGuid = {67BF511B-6BCA-41BF-B9EC-28A5BCD73BE3}
	EndGlobalSection
EndGlobal
